// !$*UTF8*$!
{
	archiveVersion = 1;
	classes = {
	};
	objectVersion = 50;
	objects = {

/* Begin PBXBuildFile section */
		F63E7E952203883D005B0BC2 /* AppDelegate.swift in Sources */ = {isa = PBXBuildFile; fileRef = F63E7E942203883D005B0BC2 /* AppDelegate.swift */; };
		F63E7E972203883D005B0BC2 /* WelcomeVC.swift in Sources */ = {isa = PBXBuildFile; fileRef = F63E7E962203883D005B0BC2 /* WelcomeVC.swift */; };
		F63E7E9A2203883D005B0BC2 /* Main.storyboard in Resources */ = {isa = PBXBuildFile; fileRef = F63E7E982203883D005B0BC2 /* Main.storyboard */; };
		F63E7E9C2203883E005B0BC2 /* Assets.xcassets in Resources */ = {isa = PBXBuildFile; fileRef = F63E7E9B2203883E005B0BC2 /* Assets.xcassets */; };
		F63E7E9F2203883E005B0BC2 /* LaunchScreen.storyboard in Resources */ = {isa = PBXBuildFile; fileRef = F63E7E9D2203883E005B0BC2 /* LaunchScreen.storyboard */; };
		F63E7EA82203A73A005B0BC2 /* BorderButton.swift in Sources */ = {isa = PBXBuildFile; fileRef = F63E7EA72203A73A005B0BC2 /* BorderButton.swift */; };
		F6CA333E2205059500E5B44D /* LeagueVC.swift in Sources */ = {isa = PBXBuildFile; fileRef = F6CA333D2205059500E5B44D /* LeagueVC.swift */; };
		F6CA3340220505A600E5B44D /* SkillVC.swift in Sources */ = {isa = PBXBuildFile; fileRef = F6CA333F220505A600E5B44D /* SkillVC.swift */; };
/* End PBXBuildFile section */

/* Begin PBXFileReference section */
		F63E7E912203883D005B0BC2 /* app-swoosh.app */ = {isa = PBXFileReference; explicitFileType = wrapper.application; includeInIndex = 0; path = "app-swoosh.app"; sourceTree = BUILT_PRODUCTS_DIR; };
		F63E7E942203883D005B0BC2 /* AppDelegate.swift */ = {isa = PBXFileReference; lastKnownFileType = sourcecode.swift; path = AppDelegate.swift; sourceTree = "<group>"; };
		F63E7E962203883D005B0BC2 /* WelcomeVC.swift */ = {isa = PBXFileReference; lastKnownFileType = sourcecode.swift; path = WelcomeVC.swift; sourceTree = "<group>"; };
		F63E7E992203883D005B0BC2 /* Base */ = {isa = PBXFileReference; lastKnownFileType = file.storyboard; name = Base; path = Base.lproj/Main.storyboard; sourceTree = "<group>"; };
		F63E7E9B2203883E005B0BC2 /* Assets.xcassets */ = {isa = PBXFileReference; lastKnownFileType = folder.assetcatalog; path = Assets.xcassets; sourceTree = "<group>"; };
		F63E7E9E2203883E005B0BC2 /* Base */ = {isa = PBXFileReference; lastKnownFileType = file.storyboard; name = Base; path = Base.lproj/LaunchScreen.storyboard; sourceTree = "<group>"; };
		F63E7EA02203883E005B0BC2 /* Info.plist */ = {isa = PBXFileReference; lastKnownFileType = text.plist.xml; path = Info.plist; sourceTree = "<group>"; };
		F63E7EA72203A73A005B0BC2 /* BorderButton.swift */ = {isa = PBXFileReference; lastKnownFileType = sourcecode.swift; path = BorderButton.swift; sourceTree = "<group>"; };
		F6CA333D2205059500E5B44D /* LeagueVC.swift */ = {isa = PBXFileReference; lastKnownFileType = sourcecode.swift; path = LeagueVC.swift; sourceTree = "<group>"; };
		F6CA333F220505A600E5B44D /* SkillVC.swift */ = {isa = PBXFileReference; lastKnownFileType = sourcecode.swift; path = SkillVC.swift; sourceTree = "<group>"; };
/* End PBXFileReference section */

/* Begin PBXFrameworksBuildPhase section */
		F63E7E8E2203883D005B0BC2 /* Frameworks */ = {
			isa = PBXFrameworksBuildPhase;
			buildActionMask = 2147483647;
			files = (
			);
			runOnlyForDeploymentPostprocessing = 0;
		};
/* End PBXFrameworksBuildPhase section */

/* Begin PBXGroup section */
		F63E7E882203883D005B0BC2 = {
			isa = PBXGroup;
			children = (
				F63E7E932203883D005B0BC2 /* app-swoosh */,
				F63E7E922203883D005B0BC2 /* Products */,
			);
			sourceTree = "<group>";
		};
		F63E7E922203883D005B0BC2 /* Products */ = {
			isa = PBXGroup;
			children = (
				F63E7E912203883D005B0BC2 /* app-swoosh.app */,
			);
			name = Products;
			sourceTree = "<group>";
		};
		F63E7E932203883D005B0BC2 /* app-swoosh */ = {
			isa = PBXGroup;
			children = (
				F6CA333C220504C200E5B44D /* Model */,
				F6CA333B220504B900E5B44D /* Controller */,
				F63E7EA62203A6DF005B0BC2 /* View */,
				F63E7E942203883D005B0BC2 /* AppDelegate.swift */,
				F63E7E982203883D005B0BC2 /* Main.storyboard */,
				F63E7E9B2203883E005B0BC2 /* Assets.xcassets */,
				F63E7E9D2203883E005B0BC2 /* LaunchScreen.storyboard */,
				F63E7EA02203883E005B0BC2 /* Info.plist */,
			);
			path = "app-swoosh";
			sourceTree = "<group>";
		};
		F63E7EA62203A6DF005B0BC2 /* View */ = {
			isa = PBXGroup;
			children = (
				F63E7EA72203A73A005B0BC2 /* BorderButton.swift */,
			);
			path = View;
			sourceTree = "<group>";
		};
		F6CA333B220504B900E5B44D /* Controller */ = {
			isa = PBXGroup;
			children = (
				F63E7E962203883D005B0BC2 /* WelcomeVC.swift */,
				F6CA333D2205059500E5B44D /* LeagueVC.swift */,
				F6CA333F220505A600E5B44D /* SkillVC.swift */,
			);
			path = Controller;
			sourceTree = "<group>";
		};
		F6CA333C220504C200E5B44D /* Model */ = {
			isa = PBXGroup;
			children = (
			);
			path = Model;
			sourceTree = "<group>";
		};
/* End PBXGroup section */

/* Begin PBXNativeTarget section */
		F63E7E902203883D005B0BC2 /* app-swoosh */ = {
			isa = PBXNativeTarget;
			buildConfigurationList = F63E7EA32203883E005B0BC2 /* Build configuration list for PBXNativeTarget "app-swoosh" */;
			buildPhases = (
				F63E7E8D2203883D005B0BC2 /* Sources */,
				F63E7E8E2203883D005B0BC2 /* Frameworks */,
				F63E7E8F2203883D005B0BC2 /* Resources */,
			);
			buildRules = (
			);
			dependencies = (
			);
			name = "app-swoosh";
			productName = "app-swoosh";
			productReference = F63E7E912203883D005B0BC2 /* app-swoosh.app */;
			productType = "com.apple.product-type.application";
		};
/* End PBXNativeTarget section */

/* Begin PBXProject section */
		F63E7E892203883D005B0BC2 /* Project object */ = {
			isa = PBXProject;
			attributes = {
				LastSwiftUpdateCheck = 1010;
				LastUpgradeCheck = 1010;
				ORGANIZATIONNAME = "Lewis Crennell";
				TargetAttributes = {
					F63E7E902203883D005B0BC2 = {
						CreatedOnToolsVersion = 10.1;
					};
				};
			};
			buildConfigurationList = F63E7E8C2203883D005B0BC2 /* Build configuration list for PBXProject "app-swoosh" */;
			compatibilityVersion = "Xcode 9.3";
			developmentRegion = en;
			hasScannedForEncodings = 0;
			knownRegions = (
				en,
				Base,
			);
			mainGroup = F63E7E882203883D005B0BC2;
			productRefGroup = F63E7E922203883D005B0BC2 /* Products */;
			projectDirPath = "";
			projectRoot = "";
			targets = (
				F63E7E902203883D005B0BC2 /* app-swoosh */,
			);
		};
/* End PBXProject section */

/* Begin PBXResourcesBuildPhase section */
		F63E7E8F2203883D005B0BC2 /* Resources */ = {
			isa = PBXResourcesBuildPhase;
			buildActionMask = 2147483647;
			files = (
				F63E7E9F2203883E005B0BC2 /* LaunchScreen.storyboard in Resources */,
				F63E7E9C2203883E005B0BC2 /* Assets.xcassets in Resources */,
				F63E7E9A2203883D005B0BC2 /* Main.storyboard in Resources */,
			);
			runOnlyForDeploymentPostprocessing = 0;
		};
/* End PBXResourcesBuildPhase section */

/* Begin PBXSourcesBuildPhase section */
		F63E7E8D2203883D005B0BC2 /* Sources */ = {
			isa = PBXSourcesBuildPhase;
			buildActionMask = 2147483647;
			files = (
				F63E7E972203883D005B0BC2 /* WelcomeVC.swift in Sources */,
				F6CA333E2205059500E5B44D /* LeagueVC.swift in Sources */,
				F63E7E952203883D005B0BC2 /* AppDelegate.swift in Sources */,
				F6CA3340220505A600E5B44D /* SkillVC.swift in Sources */,
				F63E7EA82203A73A005B0BC2 /* BorderButton.swift in Sources */,
			);
			runOnlyForDeploymentPostprocessing = 0;
		};
/* End PBXSourcesBuildPhase section */

/* Begin PBXVariantGroup section */
		F63E7E982203883D005B0BC2 /* Main.storyboard */ = {
			isa = PBXVariantGroup;
			children = (
				F63E7E992203883D005B0BC2 /* Base */,
			);
			name = Main.storyboard;
			sourceTree = "<group>";
		};
		F63E7E9D2203883E005B0BC2 /* LaunchScreen.storyboard */ = {
			isa = PBXVariantGroup;
			children = (
				F63E7E9E2203883E005B0BC2 /* Base */,
			);
			name = LaunchScreen.storyboard;
			sourceTree = "<group>";
		};
/* End PBXVariantGroup section */

/* Begin XCBuildConfiguration section */
		F63E7EA12203883E005B0BC2 /* Debug */ = {
			isa = XCBuildConfiguration;
			buildSettings = {
				ALWAYS_SEARCH_USER_PATHS = NO;
				CLANG_ANALYZER_NONNULL = YES;
				CLANG_ANALYZER_NUMBER_OBJECT_CONVERSION = YES_AGGRESSIVE;
				CLANG_CXX_LANGUAGE_STANDARD = "gnu++14";
				CLANG_CXX_LIBRARY = "libc++";
				CLANG_ENABLE_MODULES = YES;
				CLANG_ENABLE_OBJC_ARC = YES;
				CLANG_ENABLE_OBJC_WEAK = YES;
				CLANG_WARN_BLOCK_CAPTURE_AUTORELEASING = YES;
				CLANG_WARN_BOOL_CONVERSION = YES;
				CLANG_WARN_COMMA = YES;
				CLANG_WARN_CONSTANT_CONVERSION = YES;
				CLANG_WARN_DEPRECATED_OBJC_IMPLEMENTATIONS = YES;
				CLANG_WARN_DIRECT_OBJC_ISA_USAGE = YES_ERROR;
				CLANG_WARN_DOCUMENTATION_COMMENTS = YES;
				CLANG_WARN_EMPTY_BODY = YES;
				CLANG_WARN_ENUM_CONVERSION = YES;
				CLANG_WARN_INFINITE_RECURSION = YES;
				CLANG_WARN_INT_CONVERSION = YES;
				CLANG_WARN_NON_LITERAL_NULL_CONVERSION = YES;
				CLANG_WARN_OBJC_IMPLICIT_RETAIN_SELF = YES;
				CLANG_WARN_OBJC_LITERAL_CONVERSION = YES;
				CLANG_WARN_OBJC_ROOT_CLASS = YES_ERROR;
				CLANG_WARN_RANGE_LOOP_ANALYSIS = YES;
				CLANG_WARN_STRICT_PROTOTYPES = YES;
				CLANG_WARN_SUSPICIOUS_MOVE = YES;
				CLANG_WARN_UNGUARDED_AVAILABILITY = YES_AGGRESSIVE;
				CLANG_WARN_UNREACHABLE_CODE = YES;
				CLANG_WARN__DUPLICATE_METHOD_MATCH = YES;
				CODE_SIGN_IDENTITY = "iPhone Developer";
				COPY_PHASE_STRIP = NO;
				DEBUG_INFORMATION_FORMAT = dwarf;
				ENABLE_STRICT_OBJC_MSGSEND = YES;
				ENABLE_TESTABILITY = YES;
				GCC_C_LANGUAGE_STANDARD = gnu11;
				GCC_DYNAMIC_NO_PIC = NO;
				GCC_NO_COMMON_BLOCKS = YES;
				GCC_OPTIMIZATION_LEVEL = 0;
				GCC_PREPROCESSOR_DEFINITIONS = (
					"DEBUG=1",
					"$(inherited)",
				);
				GCC_WARN_64_TO_32_BIT_CONVERSION = YES;
				GCC_WARN_ABOUT_RETURN_TYPE = YES_ERROR;
				GCC_WARN_UNDECLARED_SELECTOR = YES;
				GCC_WARN_UNINITIALIZED_AUTOS = YES_AGGRESSIVE;
				GCC_WARN_UNUSED_FUNCTION = YES;
				GCC_WARN_UNUSED_VARIABLE = YES;
				IPHONEOS_DEPLOYMENT_TARGET = 12.1;
				MTL_ENABLE_DEBUG_INFO = INCLUDE_SOURCE;
				MTL_FAST_MATH = YES;
				ONLY_ACTIVE_ARCH = YES;
				SDKROOT = iphoneos;
				SWIFT_ACTIVE_COMPILATION_CONDITIONS = DEBUG;
				SWIFT_OPTIMIZATION_LEVEL = "-Onone";
			};
			name = Debug;
		};
		F63E7EA22203883E005B0BC2 /* Release */ = {
			isa = XCBuildConfiguration;
			buildSettings = {
				ALWAYS_SEARCH_USER_PATHS = NO;
				CLANG_ANALYZER_NONNULL = YES;
				CLANG_ANALYZER_NUMBER_OBJECT_CONVERSION = YES_AGGRESSIVE;
				CLANG_CXX_LANGUAGE_STANDARD = "gnu++14";
				CLANG_CXX_LIBRARY = "libc++";
				CLANG_ENABLE_MODULES = YES;
				CLANG_ENABLE_OBJC_ARC = YES;
				CLANG_ENABLE_OBJC_WEAK = YES;
				CLANG_WARN_BLOCK_CAPTURE_AUTORELEASING = YES;
				CLANG_WARN_BOOL_CONVERSION = YES;
				CLANG_WARN_COMMA = YES;
				CLANG_WARN_CONSTANT_CONVERSION = YES;
				CLANG_WARN_DEPRECATED_OBJC_IMPLEMENTATIONS = YES;
				CLANG_WARN_DIRECT_OBJC_ISA_USAGE = YES_ERROR;
				CLANG_WARN_DOCUMENTATION_COMMENTS = YES;
				CLANG_WARN_EMPTY_BODY = YES;
				CLANG_WARN_ENUM_CONVERSION = YES;
				CLANG_WARN_INFINITE_RECURSION = YES;
				CLANG_WARN_INT_CONVERSION = YES;
				CLANG_WARN_NON_LITERAL_NULL_CONVERSION = YES;
				CLANG_WARN_OBJC_IMPLICIT_RETAIN_SELF = YES;
				CLANG_WARN_OBJC_LITERAL_CONVERSION = YES;
				CLANG_WARN_OBJC_ROOT_CLASS = YES_ERROR;
				CLANG_WARN_RANGE_LOOP_ANALYSIS = YES;
				CLANG_WARN_STRICT_PROTOTYPES = YES;
				CLANG_WARN_SUSPICIOUS_MOVE = YES;
				CLANG_WARN_UNGUARDED_AVAILABILITY = YES_AGGRESSIVE;
				CLANG_WARN_UNREACHABLE_CODE = YES;
				CLANG_WARN__DUPLICATE_METHOD_MATCH = YES;
				CODE_SIGN_IDENTITY = "iPhone Developer";
				COPY_PHASE_STRIP = NO;
				DEBUG_INFORMATION_FORMAT = "dwarf-with-dsym";
				ENABLE_NS_ASSERTIONS = NO;
				ENABLE_STRICT_OBJC_MSGSEND = YES;
				GCC_C_LANGUAGE_STANDARD = gnu11;
				GCC_NO_COMMON_BLOCKS = YES;
				GCC_WARN_64_TO_32_BIT_CONVERSION = YES;
				GCC_WARN_ABOUT_RETURN_TYPE = YES_ERROR;
				GCC_WARN_UNDECLARED_SELECTOR = YES;
				GCC_WARN_UNINITIALIZED_AUTOS = YES_AGGRESSIVE;
				GCC_WARN_UNUSED_FUNCTION = YES;
				GCC_WARN_UNUSED_VARIABLE = YES;
				IPHONEOS_DEPLOYMENT_TARGET = 12.1;
				MTL_ENABLE_DEBUG_INFO = NO;
				MTL_FAST_MATH = YES;
				SDKROOT = iphoneos;
				SWIFT_COMPILATION_MODE = wholemodule;
				SWIFT_OPTIMIZATION_LEVEL = "-O";
				VALIDATE_PRODUCT = YES;
			};
			name = Release;
		};
		F63E7EA42203883E005B0BC2 /* Debug */ = {
			isa = XCBuildConfiguration;
			buildSettings = {
				ASSETCATALOG_COMPILER_APPICON_NAME = AppIcon;
				CODE_SIGN_STYLE = Automatic;
				DEVELOPMENT_TEAM = 4G8276757U;
				INFOPLIST_FILE = "app-swoosh/Info.plist";
				LD_RUNPATH_SEARCH_PATHS = (
					"$(inherited)",
					"@executable_path/Frameworks",
				);
				PRODUCT_BUNDLE_IDENTIFIER = "com.LewisCrennell.app-swoosh";
				PRODUCT_NAME = "$(TARGET_NAME)";
				SWIFT_VERSION = 4.2;
				TARGETED_DEVICE_FAMILY = "1,2";
			};
			name = Debug;
		};
		F63E7EA52203883E005B0BC2 /* Release */ = {
			isa = XCBuildConfiguration;
			buildSettings = {
				ASSETCATALOG_COMPILER_APPICON_NAME = AppIcon;
				CODE_SIGN_STYLE = Automatic;
				DEVELOPMENT_TEAM = 4G8276757U;
				INFOPLIST_FILE = "app-swoosh/Info.plist";
				LD_RUNPATH_SEARCH_PATHS = (
					"$(inherited)",
					"@executable_path/Frameworks",
				);
				PRODUCT_BUNDLE_IDENTIFIER = "com.LewisCrennell.app-swoosh";
				PRODUCT_NAME = "$(TARGET_NAME)";
				SWIFT_VERSION = 4.2;
				TARGETED_DEVICE_FAMILY = "1,2";
			};
			name = Release;
		};
/* End XCBuildConfiguration section */

/* Begin XCConfigurationList section */
		F63E7E8C2203883D005B0BC2 /* Build configuration list for PBXProject "app-swoosh" */ = {
			isa = XCConfigurationList;
			buildConfigurations = (
				F63E7EA12203883E005B0BC2 /* Debug */,
				F63E7EA22203883E005B0BC2 /* Release */,
			);
			defaultConfigurationIsVisible = 0;
			defaultConfigurationName = Release;
		};
		F63E7EA32203883E005B0BC2 /* Build configuration list for PBXNativeTarget "app-swoosh" */ = {
			isa = XCConfigurationList;
			buildConfigurations = (
				F63E7EA42203883E005B0BC2 /* Debug */,
				F63E7EA52203883E005B0BC2 /* Release */,
			);
			defaultConfigurationIsVisible = 0;
			defaultConfigurationName = Release;
		};
/* End XCConfigurationList section */
	};
	rootObject = F63E7E892203883D005B0BC2 /* Project object */;
}
